
Microsoft Visual Studio Solution File, Format Version 12.00
# Visual Studio Version 17
VisualStudioVersion = 17.8.34330.188
MinimumVisualStudioVersion = 10.0.40219.1
Project("{FAE04EC0-301F-11D3-BF4B-00C04F79EFBC}") = "Anagram", "Anagram\Anagram.csproj", "{09908C5E-A529-4389-AB70-BE5DB3B4B43D}"
EndProject
Global
	GlobalSection(SolutionConfigurationPlatforms) = preSolution
		Debug|Any CPU = Debug|Any CPU
		Release|Any CPU = Release|Any CPU
	EndGlobalSection
	GlobalSection(ProjectConfigurationPlatforms) = postSolution
		{09908C5E-A529-4389-AB70-BE5DB3B4B43D}.Debug|Any CPU.ActiveCfg = Debug|Any CPU
		{09908C5E-A529-4389-AB70-BE5DB3B4B43D}.Debug|Any CPU.Build.0 = Debug|Any CPU
		{09908C5E-A529-4389-AB70-BE5DB3B4B43D}.Release|Any CPU.ActiveCfg = Release|Any CPU
		{09908C5E-A529-4389-AB70-BE5DB3B4B43D}.Release|Any CPU.Build.0 = Release|Any CPU
	EndGlobalSection
	GlobalSection(SolutionProperties) = preSolution
		HideSolutionNode = FALSE
	EndGlobalSection
	GlobalSection(ExtensibilityGlobals) = postSolution
		SolutionGuid = {6A7A2688-9290-4AA2-A67F-1F9A50E33A56}
	EndGlobalSection
EndGlobal
